
Microsoft Visual Studio Solution File, Format Version 12.00
# Visual Studio Version 17
VisualStudioVersion = 17.13.35818.85 d17.13
MinimumVisualStudioVersion = 10.0.40219.1
Project("{FAE04EC0-301F-11D3-BF4B-00C04F79EFBC}") = "OrganizedScannAPI", "OrganizedScannAPI\OrganizedScannAPI.csproj", "{796CEA9C-88E7-4056-A9B0-9F8193909EBC}"
EndProject
Project("{2150E333-8FDC-42A3-9474-1A3956D46DE8}") = "Itens de Solução", "Itens de Solução", "{380A7511-A354-6D7A-0CC0-8FA1F1BA7B6C}"
	ProjectSection(SolutionItems) = preProject
		README.md = README.md
	EndProjectSection
EndProject
Global
	GlobalSection(SolutionConfigurationPlatforms) = preSolution
		Debug|Any CPU = Debug|Any CPU
		Release|Any CPU = Release|Any CPU
	EndGlobalSection
	GlobalSection(ProjectConfigurationPlatforms) = postSolution
		{796CEA9C-88E7-4056-A9B0-9F8193909EBC}.Debug|Any CPU.ActiveCfg = Debug|Any CPU
		{796CEA9C-88E7-4056-A9B0-9F8193909EBC}.Debug|Any CPU.Build.0 = Debug|Any CPU
		{796CEA9C-88E7-4056-A9B0-9F8193909EBC}.Release|Any CPU.ActiveCfg = Release|Any CPU
		{796CEA9C-88E7-4056-A9B0-9F8193909EBC}.Release|Any CPU.Build.0 = Release|Any CPU
	EndGlobalSection
	GlobalSection(SolutionProperties) = preSolution
		HideSolutionNode = FALSE
	EndGlobalSection
	GlobalSection(ExtensibilityGlobals) = postSolution
		SolutionGuid = {38F877CD-68A8-4A2F-944A-6EE33F63C0A6}
	EndGlobalSection
EndGlobal
